
Microsoft Visual Studio Solution File, Format Version 12.00
# Visual Studio 15
VisualStudioVersion = 15.0.28307.421
MinimumVisualStudioVersion = 10.0.40219.1
Project("{FAE04EC0-301F-11D3-BF4B-00C04F79EFBC}") = "KatmanliNorthwindWeb.UI", "KatmanliNorthwindWeb.UI\KatmanliNorthwindWeb.UI.csproj", "{ED5E77B9-F93B-43F3-93DF-8E4F5E826250}"
EndProject
Project("{FAE04EC0-301F-11D3-BF4B-00C04F79EFBC}") = "KatmanliNorthwindWeb.DAL", "KatmanliNorthwindWeb.DAL\KatmanliNorthwindWeb.DAL.csproj", "{DED26739-994A-404B-B3D3-41A78C2035EE}"
EndProject
Project("{FAE04EC0-301F-11D3-BF4B-00C04F79EFBC}") = "KatmanliNorthwindWeb.BLL", "KatmanliNorthwindWeb.BLL\KatmanliNorthwindWeb.BLL.csproj", "{43EC2984-DFF4-457A-A4C0-A2CD03D1A034}"
EndProject
Project("{FAE04EC0-301F-11D3-BF4B-00C04F79EFBC}") = "KatmanliNorthwindWeb.Entity", "KatmanliNorthwindWeb.Entity\KatmanliNorthwindWeb.Entity.csproj", "{5C2AC5E3-80B9-4E6A-9B68-07E160280D78}"
EndProject
Global
	GlobalSection(SolutionConfigurationPlatforms) = preSolution
		Debug|Any CPU = Debug|Any CPU
		Release|Any CPU = Release|Any CPU
	EndGlobalSection
	GlobalSection(ProjectConfigurationPlatforms) = postSolution
		{ED5E77B9-F93B-43F3-93DF-8E4F5E826250}.Debug|Any CPU.ActiveCfg = Debug|Any CPU
		{ED5E77B9-F93B-43F3-93DF-8E4F5E826250}.Debug|Any CPU.Build.0 = Debug|Any CPU
		{ED5E77B9-F93B-43F3-93DF-8E4F5E826250}.Release|Any CPU.ActiveCfg = Release|Any CPU
		{ED5E77B9-F93B-43F3-93DF-8E4F5E826250}.Release|Any CPU.Build.0 = Release|Any CPU
		{DED26739-994A-404B-B3D3-41A78C2035EE}.Debug|Any CPU.ActiveCfg = Debug|Any CPU
		{DED26739-994A-404B-B3D3-41A78C2035EE}.Debug|Any CPU.Build.0 = Debug|Any CPU
		{DED26739-994A-404B-B3D3-41A78C2035EE}.Release|Any CPU.ActiveCfg = Release|Any CPU
		{DED26739-994A-404B-B3D3-41A78C2035EE}.Release|Any CPU.Build.0 = Release|Any CPU
		{43EC2984-DFF4-457A-A4C0-A2CD03D1A034}.Debug|Any CPU.ActiveCfg = Debug|Any CPU
		{43EC2984-DFF4-457A-A4C0-A2CD03D1A034}.Debug|Any CPU.Build.0 = Debug|Any CPU
		{43EC2984-DFF4-457A-A4C0-A2CD03D1A034}.Release|Any CPU.ActiveCfg = Release|Any CPU
		{43EC2984-DFF4-457A-A4C0-A2CD03D1A034}.Release|Any CPU.Build.0 = Release|Any CPU
		{5C2AC5E3-80B9-4E6A-9B68-07E160280D78}.Debug|Any CPU.ActiveCfg = Debug|Any CPU
		{5C2AC5E3-80B9-4E6A-9B68-07E160280D78}.Debug|Any CPU.Build.0 = Debug|Any CPU
		{5C2AC5E3-80B9-4E6A-9B68-07E160280D78}.Release|Any CPU.ActiveCfg = Release|Any CPU
		{5C2AC5E3-80B9-4E6A-9B68-07E160280D78}.Release|Any CPU.Build.0 = Release|Any CPU
	EndGlobalSection
	GlobalSection(SolutionProperties) = preSolution
		HideSolutionNode = FALSE
	EndGlobalSection
	GlobalSection(ExtensibilityGlobals) = postSolution
		SolutionGuid = {4E972626-FAF2-4BD9-BC86-21C319D36038}
	EndGlobalSection
EndGlobal
